
Microsoft Visual Studio Solution File, Format Version 12.00
# Visual Studio 15
VisualStudioVersion = 15.0.27703.2018
MinimumVisualStudioVersion = 10.0.40219.1
Project("{FAE04EC0-301F-11D3-BF4B-00C04F79EFBC}") = "PSR", "PSR\PSR.csproj", "{34E99AC9-6B5F-41C4-B321-B9A5B5F46E9C}"
EndProject
Global
	GlobalSection(SolutionConfigurationPlatforms) = preSolution
		Debug|Any CPU = Debug|Any CPU
		Release|Any CPU = Release|Any CPU
	EndGlobalSection
	GlobalSection(ProjectConfigurationPlatforms) = postSolution
		{34E99AC9-6B5F-41C4-B321-B9A5B5F46E9C}.Debug|Any CPU.ActiveCfg = Debug|Any CPU
		{34E99AC9-6B5F-41C4-B321-B9A5B5F46E9C}.Debug|Any CPU.Build.0 = Debug|Any CPU
		{34E99AC9-6B5F-41C4-B321-B9A5B5F46E9C}.Release|Any CPU.ActiveCfg = Release|Any CPU
		{34E99AC9-6B5F-41C4-B321-B9A5B5F46E9C}.Release|Any CPU.Build.0 = Release|Any CPU
	EndGlobalSection
	GlobalSection(SolutionProperties) = preSolution
		HideSolutionNode = FALSE
	EndGlobalSection
	GlobalSection(ExtensibilityGlobals) = postSolution
		SolutionGuid = {E7F5D73C-86CA-45D6-B748-2478C0C6A8CE}
	EndGlobalSection
EndGlobal
